
Microsoft Visual Studio Solution File, Format Version 12.00
# Visual Studio Version 17
VisualStudioVersion = 17.13.35931.197 d17.13
MinimumVisualStudioVersion = 10.0.40219.1
Project("{FAE04EC0-301F-11D3-BF4B-00C04F79EFBC}") = "ChatAppServer", "ChatAppServer\ChatAppServer.csproj", "{0DC66F68-D2DF-4680-AC46-60D811AB4BFB}"
EndProject
Global
	GlobalSection(SolutionConfigurationPlatforms) = preSolution
		Debug|Any CPU = Debug|Any CPU
		Release|Any CPU = Release|Any CPU
	EndGlobalSection
	GlobalSection(ProjectConfigurationPlatforms) = postSolution
		{0DC66F68-D2DF-4680-AC46-60D811AB4BFB}.Debug|Any CPU.ActiveCfg = Debug|Any CPU
		{0DC66F68-D2DF-4680-AC46-60D811AB4BFB}.Debug|Any CPU.Build.0 = Debug|Any CPU
		{0DC66F68-D2DF-4680-AC46-60D811AB4BFB}.Release|Any CPU.ActiveCfg = Release|Any CPU
		{0DC66F68-D2DF-4680-AC46-60D811AB4BFB}.Release|Any CPU.Build.0 = Release|Any CPU
	EndGlobalSection
	GlobalSection(SolutionProperties) = preSolution
		HideSolutionNode = FALSE
	EndGlobalSection
	GlobalSection(ExtensibilityGlobals) = postSolution
		SolutionGuid = {34980D4E-6221-4553-9A70-49D49BA08F76}
	EndGlobalSection
EndGlobal
